
Microsoft Visual Studio Solution File, Format Version 12.00
# Visual Studio Version 17
VisualStudioVersion = 17.2.32630.192
MinimumVisualStudioVersion = 10.0.40219.1
Project("{8BC9CEB8-8B4A-11D0-8D11-00A0C91BC942}") = "mewt", "mewt\mewt.vcxproj", "{4A3931E6-71BB-4949-8BD1-8143DF35A494}"
EndProject
Global
	GlobalSection(SolutionConfigurationPlatforms) = preSolution
		Debug|Clang = Debug|Clang
		Debug|MSVC = Debug|MSVC
		Release|Clang = Release|Clang
		Release|MSVC = Release|MSVC
	EndGlobalSection
	GlobalSection(ProjectConfigurationPlatforms) = postSolution
		{4A3931E6-71BB-4949-8BD1-8143DF35A494}.Debug|Clang.ActiveCfg = Debug-Clang|x64
		{4A3931E6-71BB-4949-8BD1-8143DF35A494}.Debug|MSVC.ActiveCfg = Debug-MSVC|x64
		{4A3931E6-71BB-4949-8BD1-8143DF35A494}.Debug|MSVC.Build.0 = Debug-MSVC|x64
		{4A3931E6-71BB-4949-8BD1-8143DF35A494}.Release|Clang.ActiveCfg = Release-Clang|x64
		{4A3931E6-71BB-4949-8BD1-8143DF35A494}.Release|MSVC.ActiveCfg = Release-MSVC|x64
		{4A3931E6-71BB-4949-8BD1-8143DF35A494}.Release|MSVC.Build.0 = Release-MSVC|x64
	EndGlobalSection
	GlobalSection(SolutionProperties) = preSolution
		HideSolutionNode = FALSE
	EndGlobalSection
	GlobalSection(ExtensibilityGlobals) = postSolution
		SolutionGuid = {DCD58C28-7584-4112-85C2-3636CC99593A}
	EndGlobalSection
EndGlobal
