<?xml version="1.0" encoding="utf-8"?>
<Project ToolsVersion="4.0" xmlns="http://schemas.microsoft.com/developer/msbuild/2003">
  <ItemGroup>
    <Filter Include="Source Files">
      <UniqueIdentifier>{4FC737F1-C7A5-4376-A066-2A32D752A2FF}</UniqueIdentifier>
      <Extensions>cpp;c;cc;cxx;c++;cppm;ixx;def;odl;idl;hpj;bat;asm;asmx</Extensions>
    </Filter>
    <Filter Include="Header Files">
      <UniqueIdentifier>{93995380-89BD-4b04-88EB-625FBE52EBFB}</UniqueIdentifier>
      <Extensions>h;hh;hpp;hxx;h++;hm;inl;inc;ipp;xsd</Extensions>
    </Filter>
    <Filter Include="Resource Files">
      <UniqueIdentifier>{67DA6AB6-F800-4c08-8B7A-83BB121AAD01}</UniqueIdentifier>
      <Extensions>rc;ico;cur;bmp;dlg;rc2;rct;bin;rgs;gif;jpg;jpeg;jpe;resx;tiff;tif;png;wav;mfcribbon-ms</Extensions>
    </Filter>
  </ItemGroup>
  <ItemGroup>
    <ClCompile Include="emu\chip\mos_65xx\cpu_6502\cpu_6502.cpp">
      <Filter>Source Files</Filter>
    </ClCompile>
    <ClCompile Include="emu\chip\mos_65xx\vic2_656x\vic2_656x.cpp">
      <Filter>Source Files</Filter>
    </ClCompile>
    <ClCompile Include="emu\sys\c64\c64.cpp">
      <Filter>Source Files</Filter>
    </ClCompile>
    <ClCompile Include="emu\chip\clock\clock.cpp">
      <Filter>Source Files</Filter>
    </ClCompile>
    <ClCompile Include="diag\log.cpp">
      <Filter>Source Files</Filter>
    </ClCompile>
    <ClCompile Include="main.cpp">
      <Filter>Source Files</Filter>
    </ClCompile>
    <ClCompile Include="io\reader.cpp">
      <Filter>Source Files</Filter>
    </ClCompile>
    <ClCompile Include="emu\chip\mos_65xx\cpu_6502\cpu_6502_instructions.cpp">
      <Filter>Source Files</Filter>
    </ClCompile>
    <ClCompile Include="emu\chip\mos_65xx\cia_6526\cia_6526.cpp">
      <Filter>Source Files</Filter>
    </ClCompile>
    <ClCompile Include="emu\chip\mos_65xx\sid_6581\sid_6581.cpp">
      <Filter>Source Files</Filter>
    </ClCompile>
  </ItemGroup>
  <ItemGroup>
    <ClInclude Include="types\intrusive_stack.h">
      <Filter>Header Files</Filter>
    </ClInclude>
    <ClInclude Include="types\non_movable.h">
      <Filter>Header Files</Filter>
    </ClInclude>
    <ClInclude Include="async\promise_value.h">
      <Filter>Header Files</Filter>
    </ClInclude>
    <ClInclude Include="async\promise.h">
      <Filter>Header Files</Filter>
    </ClInclude>
    <ClInclude Include="async\awaitable_func.h">
      <Filter>Header Files</Filter>
    </ClInclude>
    <ClInclude Include="async\func_awaiter.h">
      <Filter>Header Files</Filter>
    </ClInclude>
    <ClInclude Include="async\func_awaiter.decl.h">
      <Filter>Header Files</Filter>
    </ClInclude>
    <ClInclude Include="async\awaitable_func.decl.h">
      <Filter>Header Files</Filter>
    </ClInclude>
    <ClInclude Include="emu\chip\clock\clock.h">
      <Filter>Header Files</Filter>
    </ClInclude>
    <ClInclude Include="emu\chip\mos_65xx\cpu_6502\cpu_6502.h">
      <Filter>Header Files</Filter>
    </ClInclude>
    <ClInclude Include="emu\chip\clock\clock.decl.h">
      <Filter>Header Files</Filter>
    </ClInclude>
    <ClInclude Include="emu\chip\mos_65xx\vic2_656x\vic2_656x.h">
      <Filter>Header Files</Filter>
    </ClInclude>
    <ClInclude Include="emu\sys\c64\c64.h">
      <Filter>Header Files</Filter>
    </ClInclude>
    <ClInclude Include="diag\log.h">
      <Filter>Header Files</Filter>
    </ClInclude>
    <ClInclude Include="io\reader.h">
      <Filter>Header Files</Filter>
    </ClInclude>
    <ClInclude Include="emu\mem\rom\fixed_size_rom.h">
      <Filter>Header Files</Filter>
    </ClInclude>
    <ClInclude Include="emu\mem\ram\fixed_size_ram.h">
      <Filter>Header Files</Filter>
    </ClInclude>
    <ClInclude Include="emu\mem\memory_interface.h">
      <Filter>Header Files</Filter>
    </ClInclude>
    <ClInclude Include="types\int_types.h">
      <Filter>Header Files</Filter>
    </ClInclude>
    <ClInclude Include="emu\mem\bus_spec.h">
      <Filter>Header Files</Filter>
    </ClInclude>
    <ClInclude Include="types\concepts.h">
      <Filter>Header Files</Filter>
    </ClInclude>
    <ClInclude Include="types\coroutine.h">
      <Filter>Header Files</Filter>
    </ClInclude>
    <ClInclude Include="emu\chip\mos_65xx\cpu_6510\cpu_6510.h">
      <Filter>Header Files</Filter>
    </ClInclude>
    <ClInclude Include="emu\chip\mos_65xx\cpu_6502\cpu_6502_instructions.h">
      <Filter>Header Files</Filter>
    </ClInclude>
    <ClInclude Include="types\flags.h">
      <Filter>Header Files</Filter>
    </ClInclude>
    <ClInclude Include="emu\chip\mos_65xx\cia_6526\cia_6526.h">
      <Filter>Header Files</Filter>
    </ClInclude>
    <ClInclude Include="emu\chip\mos_65xx\sid_6581\sid_6581.h">
      <Filter>Header Files</Filter>
    </ClInclude>
    <ClInclude Include="types\unique_referencable.h">
      <Filter>Header Files</Filter>
    </ClInclude>
    <ClInclude Include="async\future.h">
      <Filter>Header Files</Filter>
    </ClInclude>
    <ClInclude Include="emu\chip\mos_65xx\mos_65xx.h">
      <Filter>Header Files</Filter>
    </ClInclude>
  </ItemGroup>
  <ItemGroup>
    <Natvis Include="mewt.natvis" />
  </ItemGroup>
  <ItemGroup>
    <None Include=".clang-format" />
    <None Include=".editorconfig" />
  </ItemGroup>
</Project>