<?xml version="1.0" encoding="utf-8"?>
<Project ToolsVersion="4.0" xmlns="http://schemas.microsoft.com/developer/msbuild/2003">
  <ItemGroup>
    <Filter Include="Source Files">
      <UniqueIdentifier>{4FC737F1-C7A5-4376-A066-2A32D752A2FF}</UniqueIdentifier>
      <Extensions>cpp;c;cc;cxx;c++;cppm;ixx;def;odl;idl;hpj;bat;asm;asmx</Extensions>
    </Filter>
    <Filter Include="Header Files">
      <UniqueIdentifier>{93995380-89BD-4b04-88EB-625FBE52EBFB}</UniqueIdentifier>
      <Extensions>h;hh;hpp;hxx;h++;hm;inl;inc;ipp;xsd</Extensions>
    </Filter>
    <Filter Include="Resource Files">
      <UniqueIdentifier>{67DA6AB6-F800-4c08-8B7A-83BB121AAD01}</UniqueIdentifier>
      <Extensions>rc;ico;cur;bmp;dlg;rc2;rct;bin;rgs;gif;jpg;jpeg;jpe;resx;tiff;tif;png;wav;mfcribbon-ms</Extensions>
    </Filter>
  </ItemGroup>
  <ItemGroup>
    <ClCompile Include="emu\chip\mos_65xx\cpu_6502\cpu_6502.cpp">
      <Filter>Source Files</Filter>
    </ClCompile>
    <ClCompile Include="emu\chip\mos_65xx\vic2_656x\vic2_656x.cpp">
      <Filter>Source Files</Filter>
    </ClCompile>
    <ClCompile Include="emu\sys\c64\c64.cpp">
      <Filter>Source Files</Filter>
    </ClCompile>
    <ClCompile Include="emu\chip\clock\clock.cpp">
      <Filter>Source Files</Filter>
    </ClCompile>
    <ClCompile Include="diag\log.cpp">
      <Filter>Source Files</Filter>
    </ClCompile>
    <ClCompile Include="main.cpp">
      <Filter>Source Files</Filter>
    </ClCompile>
    <ClCompile Include="io\reader.cpp">
      <Filter>Source Files</Filter>
    </ClCompile>
    <ClCompile Include="emu\chip\mos_65xx\cpu_6502\cpu_6502_instructions.cpp">
      <Filter>Source Files</Filter>
    </ClCompile>
    <ClCompile Include="emu\chip\mos_65xx\cia_6526\cia_6526.cpp">
      <Filter>Source Files</Filter>
    </ClCompile>
    <ClCompile Include="emu\chip\mos_65xx\sid_6581\sid_6581.cpp">
      <Filter>Source Files</Filter>
    </ClCompile>
    <ClCompile Include="os\app_context\win\win_app_context.cpp">
      <Filter>Source Files</Filter>
    </ClCompile>
    <ClCompile Include="gui\window_manager\win\win_window_manager.cpp">
      <Filter>Source Files</Filter>
    </ClCompile>
    <ClCompile Include="gui\window\win\win_window.cpp">
      <Filter>Source Files</Filter>
    </ClCompile>
    <ClCompile Include="ext\sdl\sdl_error.cpp">
      <Filter>Source Files</Filter>
    </ClCompile>
    <ClCompile Include="ext\sdl\sdl_engine.cpp">
      <Filter>Source Files</Filter>
    </ClCompile>
    <ClCompile Include="ext\sdl\sdl_window.cpp">
      <Filter>Source Files</Filter>
    </ClCompile>
    <ClCompile Include="ext\sdl\sdl_renderer.cpp">
      <Filter>Source Files</Filter>
    </ClCompile>
    <ClCompile Include="ext\sdl\sdl_texture.cpp">
      <Filter>Source Files</Filter>
    </ClCompile>
    <ClCompile Include="ext\sdl\sdl_pixel_format.cpp">
      <Filter>Source Files</Filter>
    </ClCompile>
    <ClCompile Include="ext\sdl\sdl_event_manager.cpp">
      <Filter>Source Files</Filter>
    </ClCompile>
    <ClCompile Include="app_type\realtime\realtime_app_state.cpp">
      <Filter>Source Files</Filter>
    </ClCompile>
    <ClCompile Include="app_type\realtime\realtime_app.cpp">
      <Filter>Source Files</Filter>
    </ClCompile>
    <ClCompile Include="app\test_app\test_app.cpp">
      <Filter>Source Files</Filter>
    </ClCompile>
    <ClCompile Include="app\c64_emu\c64_emu.cpp">
      <Filter>Source Files</Filter>
    </ClCompile>
    <ClCompile Include="gfx\video_output.cpp">
      <Filter>Source Files</Filter>
    </ClCompile>
    <ClCompile Include="emu\chip\mos_65xx\vic2_656x\vic2_656x_config.cpp">
      <Filter>Source Files</Filter>
    </ClCompile>
    <ClCompile Include="app\c64_emu\c64_emu_host.cpp">
      <Filter>Source Files</Filter>
    </ClCompile>
    <ClCompile Include="emu\host\host.cpp">
      <Filter>Source Files</Filter>
    </ClCompile>
    <ClCompile Include="emu\chip\mos_65xx\vic2_656x\vic2_6569.cpp">
      <Filter>Source Files</Filter>
    </ClCompile>
    <ClCompile Include="emu\chip\mos_65xx\vic2_656x\vic2_6567r56a.cpp">
      <Filter>Source Files</Filter>
    </ClCompile>
    <ClCompile Include="emu\chip\mos_65xx\vic2_656x\vic2_6567r8.cpp">
      <Filter>Source Files</Filter>
    </ClCompile>
  </ItemGroup>
  <ItemGroup>
    <ClInclude Include="types\intrusive_stack.h">
      <Filter>Header Files</Filter>
    </ClInclude>
    <ClInclude Include="types\non_movable.h">
      <Filter>Header Files</Filter>
    </ClInclude>
    <ClInclude Include="emu\chip\clock\clock.h">
      <Filter>Header Files</Filter>
    </ClInclude>
    <ClInclude Include="emu\chip\mos_65xx\cpu_6502\cpu_6502.h">
      <Filter>Header Files</Filter>
    </ClInclude>
    <ClInclude Include="emu\chip\clock\clock.decl.h">
      <Filter>Header Files</Filter>
    </ClInclude>
    <ClInclude Include="emu\chip\mos_65xx\vic2_656x\vic2_656x.h">
      <Filter>Header Files</Filter>
    </ClInclude>
    <ClInclude Include="emu\sys\c64\c64.h">
      <Filter>Header Files</Filter>
    </ClInclude>
    <ClInclude Include="diag\log.h">
      <Filter>Header Files</Filter>
    </ClInclude>
    <ClInclude Include="io\reader.h">
      <Filter>Header Files</Filter>
    </ClInclude>
    <ClInclude Include="emu\mem\rom\fixed_size_rom.h">
      <Filter>Header Files</Filter>
    </ClInclude>
    <ClInclude Include="emu\mem\ram\fixed_size_ram.h">
      <Filter>Header Files</Filter>
    </ClInclude>
    <ClInclude Include="emu\mem\memory_interface.h">
      <Filter>Header Files</Filter>
    </ClInclude>
    <ClInclude Include="types\int_types.h">
      <Filter>Header Files</Filter>
    </ClInclude>
    <ClInclude Include="emu\mem\bus_spec.h">
      <Filter>Header Files</Filter>
    </ClInclude>
    <ClInclude Include="types\concepts.h">
      <Filter>Header Files</Filter>
    </ClInclude>
    <ClInclude Include="types\coroutine.h">
      <Filter>Header Files</Filter>
    </ClInclude>
    <ClInclude Include="emu\chip\mos_65xx\cpu_6510\cpu_6510.h">
      <Filter>Header Files</Filter>
    </ClInclude>
    <ClInclude Include="emu\chip\mos_65xx\cpu_6502\cpu_6502_instructions.h">
      <Filter>Header Files</Filter>
    </ClInclude>
    <ClInclude Include="types\flags.h">
      <Filter>Header Files</Filter>
    </ClInclude>
    <ClInclude Include="emu\chip\mos_65xx\cia_6526\cia_6526.h">
      <Filter>Header Files</Filter>
    </ClInclude>
    <ClInclude Include="emu\chip\mos_65xx\sid_6581\sid_6581.h">
      <Filter>Header Files</Filter>
    </ClInclude>
    <ClInclude Include="types\unique_referencable.h">
      <Filter>Header Files</Filter>
    </ClInclude>
    <ClInclude Include="emu\chip\mos_65xx\mos_65xx.h">
      <Filter>Header Files</Filter>
    </ClInclude>
    <ClInclude Include="async\future_promise.h">
      <Filter>Header Files</Filter>
    </ClInclude>
    <ClInclude Include="async\future_promise.decl.h">
      <Filter>Header Files</Filter>
    </ClInclude>
    <ClInclude Include="types\bitfield.h">
      <Filter>Header Files</Filter>
    </ClInclude>
    <ClInclude Include="os\app_context\app_context.h">
      <Filter>Header Files</Filter>
    </ClInclude>
    <ClInclude Include="os\app_context\win\win_app_context.h">
      <Filter>Header Files</Filter>
    </ClInclude>
    <ClInclude Include="os\base\win_base.h">
      <Filter>Header Files</Filter>
    </ClInclude>
    <ClInclude Include="gui\window_manager\window_manager.h">
      <Filter>Header Files</Filter>
    </ClInclude>
    <ClInclude Include="types\data_stack_ptr.h">
      <Filter>Header Files</Filter>
    </ClInclude>
    <ClInclude Include="gui\window_manager\win\win_window_manager.h">
      <Filter>Header Files</Filter>
    </ClInclude>
    <ClInclude Include="os\app_context\app_context.decl.h">
      <Filter>Header Files</Filter>
    </ClInclude>
    <ClInclude Include="gui\window\window.h">
      <Filter>Header Files</Filter>
    </ClInclude>
    <ClInclude Include="gui\window\win\win_window.h">
      <Filter>Header Files</Filter>
    </ClInclude>
    <ClInclude Include="gui\window_manager\win\win_window_manager.decl.h">
      <Filter>Header Files</Filter>
    </ClInclude>
    <ClInclude Include="gui\window_manager\window_manager.decl.h">
      <Filter>Header Files</Filter>
    </ClInclude>
    <ClInclude Include="types\traits.h">
      <Filter>Header Files</Filter>
    </ClInclude>
    <ClInclude Include="types\arithmetic.h">
      <Filter>Header Files</Filter>
    </ClInclude>
    <ClInclude Include="types\opaque.h">
      <Filter>Header Files</Filter>
    </ClInclude>
    <ClInclude Include="types\scale_factor.h">
      <Filter>Header Files</Filter>
    </ClInclude>
    <ClInclude Include="ext\sdl\sdl_types.h">
      <Filter>Header Files</Filter>
    </ClInclude>
    <ClInclude Include="ext\sdl\sdl_error.h">
      <Filter>Header Files</Filter>
    </ClInclude>
    <ClInclude Include="ext\sdl\sdl_engine.h">
      <Filter>Header Files</Filter>
    </ClInclude>
    <ClInclude Include="ext\sdl\sdl_window.h">
      <Filter>Header Files</Filter>
    </ClInclude>
    <ClInclude Include="ext\sdl\sdl_image.h">
      <Filter>Header Files</Filter>
    </ClInclude>
    <ClInclude Include="ext\sdl\sdl_renderer.h">
      <Filter>Header Files</Filter>
    </ClInclude>
    <ClInclude Include="ext\sdl\sdl_window.decl.h">
      <Filter>Header Files</Filter>
    </ClInclude>
    <ClInclude Include="ext\sdl\sdl_texture.decl.h">
      <Filter>Header Files</Filter>
    </ClInclude>
    <ClInclude Include="ext\sdl\sdl_texture.h">
      <Filter>Header Files</Filter>
    </ClInclude>
    <ClInclude Include="ext\sdl\sdl_pixel_format.h">
      <Filter>Header Files</Filter>
    </ClInclude>
    <ClInclude Include="ext\sdl\sdl_error.impl.h">
      <Filter>Header Files</Filter>
    </ClInclude>
    <ClInclude Include="ext\sdl\sdl_renderer.decl.h">
      <Filter>Header Files</Filter>
    </ClInclude>
    <ClInclude Include="ext\sdl\sdl_image.impl.h">
      <Filter>Header Files</Filter>
    </ClInclude>
    <ClInclude Include="diag\source_location.h">
      <Filter>Header Files</Filter>
    </ClInclude>
    <ClInclude Include="async\generator.h">
      <Filter>Header Files</Filter>
    </ClInclude>
    <ClInclude Include="async\generator.decl.h">
      <Filter>Header Files</Filter>
    </ClInclude>
    <ClInclude Include="async\resumer.h">
      <Filter>Header Files</Filter>
    </ClInclude>
    <ClInclude Include="types\enum_traits.h">
      <Filter>Header Files</Filter>
    </ClInclude>
    <ClInclude Include="async\event_dispatch.h">
      <Filter>Header Files</Filter>
    </ClInclude>
    <ClInclude Include="ext\sdl\sdl_event_manager.h">
      <Filter>Header Files</Filter>
    </ClInclude>
    <ClInclude Include="ext\sdl\sdl_scancode.h">
      <Filter>Header Files</Filter>
    </ClInclude>
    <ClInclude Include="app_type\realtime\realtime_app.h">
      <Filter>Header Files</Filter>
    </ClInclude>
    <ClInclude Include="app_type\realtime\realtime_app_init.h">
      <Filter>Header Files</Filter>
    </ClInclude>
    <ClInclude Include="app_type\realtime\realtime_app_phase.h">
      <Filter>Header Files</Filter>
    </ClInclude>
    <ClInclude Include="app_type\realtime\realtime_app_state.h">
      <Filter>Header Files</Filter>
    </ClInclude>
    <ClInclude Include="app_type\realtime\realtime_app_render.h">
      <Filter>Header Files</Filter>
    </ClInclude>
    <ClInclude Include="app_type\realtime\realtime_app_update.h">
      <Filter>Header Files</Filter>
    </ClInclude>
    <ClInclude Include="app\test_app\test_app.h">
      <Filter>Header Files</Filter>
    </ClInclude>
    <ClInclude Include="app_type\realtime\realtime_app.impl.h">
      <Filter>Header Files</Filter>
    </ClInclude>
    <ClInclude Include="app\c64_emu\c64_emu.h">
      <Filter>Header Files</Filter>
    </ClInclude>
    <ClInclude Include="gfx\image.h">
      <Filter>Header Files</Filter>
    </ClInclude>
    <ClInclude Include="gfx\video_output.h">
      <Filter>Header Files</Filter>
    </ClInclude>
    <ClInclude Include="emu\chip\mos_65xx\vic2_656x\vic2_656x_config.h">
      <Filter>Header Files</Filter>
    </ClInclude>
    <ClInclude Include="emu\chip\mos_65xx\vic2_656x\vic2_656x.decl.h">
      <Filter>Header Files</Filter>
    </ClInclude>
    <ClInclude Include="emu\host\host.h">
      <Filter>Header Files</Filter>
    </ClInclude>
    <ClInclude Include="app\c64_emu\c64_emu_host.h">
      <Filter>Header Files</Filter>
    </ClInclude>
    <ClInclude Include="app_type\realtime\realtime_app.decl.h">
      <Filter>Header Files</Filter>
    </ClInclude>
    <ClInclude Include="async\event.h">
      <Filter>Header Files</Filter>
    </ClInclude>
    <ClInclude Include="emu\sys\c64\c64_pal.h">
      <Filter>Header Files</Filter>
    </ClInclude>
    <ClInclude Include="emu\sys\c64\c64_ntsc.h">
      <Filter>Header Files</Filter>
    </ClInclude>
    <ClInclude Include="emu\chip\mos_65xx\vic2_656x\vic2_6567r56a.h">
      <Filter>Header Files</Filter>
    </ClInclude>
    <ClInclude Include="emu\chip\mos_65xx\vic2_656x\vic2_6567r8.h">
      <Filter>Header Files</Filter>
    </ClInclude>
    <ClInclude Include="emu\chip\mos_65xx\vic2_656x\vic2_6569.h">
      <Filter>Header Files</Filter>
    </ClInclude>
    <ClInclude Include="types\colour.h">
      <Filter>Header Files</Filter>
    </ClInclude>
    <ClInclude Include="types\span_2d.h">
      <Filter>Header Files</Filter>
    </ClInclude>
    <ClInclude Include="app\c64_emu\c64_emu.decl.h">
      <Filter>Header Files</Filter>
    </ClInclude>
    <ClInclude Include="types\interface.h">
      <Filter>Header Files</Filter>
    </ClInclude>
  </ItemGroup>
  <ItemGroup>
    <Natvis Include="mewt.natvis" />
  </ItemGroup>
  <ItemGroup>
    <None Include=".clang-format" />
    <None Include=".editorconfig" />
    <None Include="emu\chip\mos_65xx\vic2_656x\vic2_656x.md" />
    <None Include=".clang-tidy" />
    <None Include="Directory.build.props" />
  </ItemGroup>
  <ItemGroup>
    <Text Include="emu\chip\mos_65xx\vic2_656x\vic2_656x.txt" />
  </ItemGroup>
</Project>